# THIS IS AN AUTOGENERATED FILE. DO NOT EDIT THIS FILE DIRECTLY.
# yarn lockfile v1


"@types/history@*", "@types/history@^4.7.2":
  version "4.7.2"
  resolved "https://registry.npmjs.org/@types/history/-/history-4.7.2.tgz#0e670ea254d559241b6eeb3894f8754991e73220"
  integrity sha512-ui3WwXmjTaY73fOQ3/m3nnajU/Orhi6cEu5rzX+BrAAJxa3eITXZ5ch9suPqtM03OWhAHhPSyBGCN4UKoxO20Q==

"@types/node@^12.0.12":
  version "12.0.12"
  resolved "https://registry.npmjs.org/@types/node/-/node-12.0.12.tgz#cc791b402360db1eaf7176479072f91ee6c6c7ca"
  integrity sha512-Uy0PN4R5vgBUXFoJrKryf5aTk3kJ8Rv3PdlHjl6UaX+Cqp1QE0yPQ68MPXGrZOfG7gZVNDIJZYyot0B9ubXUrQ==

"@types/prop-types@*":
  version "15.7.1"
  resolved "https://registry.npmjs.org/@types/prop-types/-/prop-types-15.7.1.tgz#f1a11e7babb0c3cad68100be381d1e064c68f1f6"
  integrity sha512-CFzn9idOEpHrgdw8JsoTkaDDyRWk1jrzIV8djzcgpq0y9tG4B4lFT+Nxh52DVpDXV+n4+NPNv7M1Dj5uMp6XFg==

"@types/react-dom@^16.8.4":
  version "16.8.4"
  resolved "https://registry.npmjs.org/@types/react-dom/-/react-dom-16.8.4.tgz#7fb7ba368857c7aa0f4e4511c4710ca2c5a12a88"
  integrity sha512-eIRpEW73DCzPIMaNBDP5pPIpK1KXyZwNgfxiVagb5iGiz6da+9A5hslSX6GAQKdO7SayVCS/Fr2kjqprgAvkfA==
  dependencies:
    "@types/react" "*"

"@types/react-router-config@^5.0.0":
  version "5.0.0"
  resolved "https://registry.npmjs.org/@types/react-router-config/-/react-router-config-5.0.0.tgz#901110a781b5ca0e56886d18686196638cde75f0"
  integrity sha512-DJl5ONVsmcP0rts5n3I6nQcYt2f0pLgP/NyZqzdYcVqRT/X9lDzYg8LlvkPznULK+iDAH4/3rnFYz6ibY9J/SA==
  dependencies:
    "@types/history" "*"
    "@types/react" "*"
    "@types/react-router" "*"

"@types/react-router@*", "@types/react-router@^5.0.3":
  version "5.0.3"
  resolved "https://registry.npmjs.org/@types/react-router/-/react-router-5.0.3.tgz#855a1606e62de3f4d69ea34fb3c0e50e98e964d5"
  integrity sha512-j2Gge5cvxca+5lK9wxovmGPgpVJMwjyu5lTA/Cd6fLGoPq7FXcUE1jFkEdxeyqGGz8VfHYSHCn5Lcn24BzaNKA==
  dependencies:
    "@types/history" "*"
    "@types/react" "*"

"@types/react@*":
  version "16.8.23"
  resolved "https://registry.npmjs.org/@types/react/-/react-16.8.23.tgz#ec6be3ceed6353a20948169b6cb4c97b65b97ad2"
  integrity sha512-abkEOIeljniUN9qB5onp++g0EY38h7atnDHxwKUFz1r3VH1+yG1OKi2sNPTyObL40goBmfKFpdii2lEzwLX1cA==
  dependencies:
    "@types/prop-types" "*"
    csstype "^2.2.0"

csstype@^2.2.0:
  version "2.6.5"
  resolved "https://registry.npmjs.org/csstype/-/csstype-2.6.5.tgz#1cd1dff742ebf4d7c991470ae71e12bb6751e034"
  integrity sha512-JsTaiksRsel5n7XwqPAfB0l3TFKdpjW/kgAELf9vrb5adGA7UCPLajKK5s3nFrcFm3Rkyp/Qkgl73ENc1UY3cA==

inversify@^5.0.1:
  version "5.0.1"
  resolved "https://registry.npmjs.org/inversify/-/inversify-5.0.1.tgz#500d709b1434896ce5a0d58915c4a4210e34fb6e"
  integrity sha512-Ieh06s48WnEYGcqHepdsJUIJUXpwH5o5vodAX+DK2JA/gjy4EbEcQZxw+uFfzysmKjiLXGYwNG3qDZsKVMcINQ==

tslib@^1.10.0:
  version "1.10.0"
  resolved "https://registry.npmjs.org/tslib/-/tslib-1.10.0.tgz#c3c19f95973fb0a62973fb09d90d961ee43e5c8a"
  integrity sha512-qOebF53frne81cf0S9B41ByenJ3/IuH8yJKngAX35CmiZySA0khhkovshKK+jGCaMnVomla7gVlIcc3EvKPbTQ==
